
Microsoft Visual Studio Solution File, Format Version 12.00
# Visual Studio Version 17
VisualStudioVersion = 17.8.34525.116
MinimumVisualStudioVersion = 10.0.40219.1
Project("{FAE04EC0-301F-11D3-BF4B-00C04F79EFBC}") = "SuperShop", "SuperShop\SuperShop.csproj", "{48991141-15E0-4A0E-8BC1-F6B82F68098C}"
EndProject
Global
	GlobalSection(SolutionConfigurationPlatforms) = preSolution
		Debug|Any CPU = Debug|Any CPU
		Release|Any CPU = Release|Any CPU
	EndGlobalSection
	GlobalSection(ProjectConfigurationPlatforms) = postSolution
		{48991141-15E0-4A0E-8BC1-F6B82F68098C}.Debug|Any CPU.ActiveCfg = Debug|Any CPU
		{48991141-15E0-4A0E-8BC1-F6B82F68098C}.Debug|Any CPU.Build.0 = Debug|Any CPU
		{48991141-15E0-4A0E-8BC1-F6B82F68098C}.Release|Any CPU.ActiveCfg = Release|Any CPU
		{48991141-15E0-4A0E-8BC1-F6B82F68098C}.Release|Any CPU.Build.0 = Release|Any CPU
	EndGlobalSection
	GlobalSection(SolutionProperties) = preSolution
		HideSolutionNode = FALSE
	EndGlobalSection
	GlobalSection(ExtensibilityGlobals) = postSolution
		SolutionGuid = {116FD87A-9EA5-4B14-BB9B-8313B1469127}
	EndGlobalSection
EndGlobal
